
Microsoft Visual Studio Solution File, Format Version 12.00
# Visual Studio Version 16
VisualStudioVersion = 16.0.28803.156
MinimumVisualStudioVersion = 10.0.40219.1
Project("{FAE04EC0-301F-11D3-BF4B-00C04F79EFBC}") = "FizBuzzConsole", "FizBuzzConsole\FizBuzzConsole.csproj", "{16BB0B50-1A6F-4DB6-8B1E-86D66D0B0F5F}"
EndProject
Project("{FAE04EC0-301F-11D3-BF4B-00C04F79EFBC}") = "FizBuzzLib", "FizBuzzLib\FizBuzzLib.csproj", "{2E79A032-D4A9-467F-B0A7-5D2DFC34CF6C}"
EndProject
Project("{FAE04EC0-301F-11D3-BF4B-00C04F79EFBC}") = "FizBuzzTests", "FizBuzzTests\FizBuzzTests.csproj", "{F45CFA00-4C56-4154-828A-A2CB6C2E92E5}"
EndProject
Global
	GlobalSection(SolutionConfigurationPlatforms) = preSolution
		Debug|Any CPU = Debug|Any CPU
		Release|Any CPU = Release|Any CPU
	EndGlobalSection
	GlobalSection(ProjectConfigurationPlatforms) = postSolution
		{16BB0B50-1A6F-4DB6-8B1E-86D66D0B0F5F}.Debug|Any CPU.ActiveCfg = Debug|Any CPU
		{16BB0B50-1A6F-4DB6-8B1E-86D66D0B0F5F}.Debug|Any CPU.Build.0 = Debug|Any CPU
		{16BB0B50-1A6F-4DB6-8B1E-86D66D0B0F5F}.Release|Any CPU.ActiveCfg = Release|Any CPU
		{16BB0B50-1A6F-4DB6-8B1E-86D66D0B0F5F}.Release|Any CPU.Build.0 = Release|Any CPU
		{2E79A032-D4A9-467F-B0A7-5D2DFC34CF6C}.Debug|Any CPU.ActiveCfg = Debug|Any CPU
		{2E79A032-D4A9-467F-B0A7-5D2DFC34CF6C}.Debug|Any CPU.Build.0 = Debug|Any CPU
		{2E79A032-D4A9-467F-B0A7-5D2DFC34CF6C}.Release|Any CPU.ActiveCfg = Release|Any CPU
		{2E79A032-D4A9-467F-B0A7-5D2DFC34CF6C}.Release|Any CPU.Build.0 = Release|Any CPU
		{F45CFA00-4C56-4154-828A-A2CB6C2E92E5}.Debug|Any CPU.ActiveCfg = Debug|Any CPU
		{F45CFA00-4C56-4154-828A-A2CB6C2E92E5}.Debug|Any CPU.Build.0 = Debug|Any CPU
		{F45CFA00-4C56-4154-828A-A2CB6C2E92E5}.Release|Any CPU.ActiveCfg = Release|Any CPU
		{F45CFA00-4C56-4154-828A-A2CB6C2E92E5}.Release|Any CPU.Build.0 = Release|Any CPU
	EndGlobalSection
	GlobalSection(SolutionProperties) = preSolution
		HideSolutionNode = FALSE
	EndGlobalSection
	GlobalSection(ExtensibilityGlobals) = postSolution
		SolutionGuid = {5CE40FC2-368E-47EF-A05C-895D22CE2040}
	EndGlobalSection
EndGlobal
